
Microsoft Visual Studio Solution File, Format Version 12.00
Project("{FAE04EC0-301F-11D3-BF4B-00C04F79EFBC}") = "Resilience.Retry", "Resilience.Retry\Resilience.Retry.csproj", "{84651593-1603-4900-98F8-9D9D1E347DF2}"
EndProject
Project("{FAE04EC0-301F-11D3-BF4B-00C04F79EFBC}") = "Resilience.Ioc", "Resilience.Ioc\Resilience.Ioc.csproj", "{6E014E76-27C1-45E8-BF23-5C265588816D}"
EndProject
Project("{FAE04EC0-301F-11D3-BF4B-00C04F79EFBC}") = "Resilience.Retry.Tests", "Resilience.Retry.Tests\Resilience.Retry.Tests.csproj", "{692C8A97-091C-4DF7-9967-E75C6BA63DFF}"
EndProject
Global
	GlobalSection(SolutionConfigurationPlatforms) = preSolution
		Debug|Any CPU = Debug|Any CPU
		Release|Any CPU = Release|Any CPU
	EndGlobalSection
	GlobalSection(ProjectConfigurationPlatforms) = postSolution
		{84651593-1603-4900-98F8-9D9D1E347DF2}.Debug|Any CPU.ActiveCfg = Debug|Any CPU
		{84651593-1603-4900-98F8-9D9D1E347DF2}.Debug|Any CPU.Build.0 = Debug|Any CPU
		{84651593-1603-4900-98F8-9D9D1E347DF2}.Release|Any CPU.ActiveCfg = Release|Any CPU
		{84651593-1603-4900-98F8-9D9D1E347DF2}.Release|Any CPU.Build.0 = Release|Any CPU
		{6E014E76-27C1-45E8-BF23-5C265588816D}.Debug|Any CPU.ActiveCfg = Debug|Any CPU
		{6E014E76-27C1-45E8-BF23-5C265588816D}.Debug|Any CPU.Build.0 = Debug|Any CPU
		{6E014E76-27C1-45E8-BF23-5C265588816D}.Release|Any CPU.ActiveCfg = Release|Any CPU
		{6E014E76-27C1-45E8-BF23-5C265588816D}.Release|Any CPU.Build.0 = Release|Any CPU
		{692C8A97-091C-4DF7-9967-E75C6BA63DFF}.Debug|Any CPU.ActiveCfg = Debug|Any CPU
		{692C8A97-091C-4DF7-9967-E75C6BA63DFF}.Debug|Any CPU.Build.0 = Debug|Any CPU
		{692C8A97-091C-4DF7-9967-E75C6BA63DFF}.Release|Any CPU.ActiveCfg = Release|Any CPU
		{692C8A97-091C-4DF7-9967-E75C6BA63DFF}.Release|Any CPU.Build.0 = Release|Any CPU
	EndGlobalSection
EndGlobal
